
Microsoft Visual Studio Solution File, Format Version 12.00
# Visual Studio Version 17
VisualStudioVersion = 17.4.33213.308
MinimumVisualStudioVersion = 10.0.40219.1
Project("{FAE04EC0-301F-11D3-BF4B-00C04F79EFBC}") = "BackEnd", "BackEnd\BackEnd.csproj", "{E3D88DC1-C336-468C-99FD-AA7E0151C892}"
EndProject
Global
	GlobalSection(SolutionConfigurationPlatforms) = preSolution
		Debug|Any CPU = Debug|Any CPU
		Release|Any CPU = Release|Any CPU
	EndGlobalSection
	GlobalSection(ProjectConfigurationPlatforms) = postSolution
		{E3D88DC1-C336-468C-99FD-AA7E0151C892}.Debug|Any CPU.ActiveCfg = Debug|Any CPU
		{E3D88DC1-C336-468C-99FD-AA7E0151C892}.Debug|Any CPU.Build.0 = Debug|Any CPU
		{E3D88DC1-C336-468C-99FD-AA7E0151C892}.Release|Any CPU.ActiveCfg = Release|Any CPU
		{E3D88DC1-C336-468C-99FD-AA7E0151C892}.Release|Any CPU.Build.0 = Release|Any CPU
	EndGlobalSection
	GlobalSection(SolutionProperties) = preSolution
		HideSolutionNode = FALSE
	EndGlobalSection
	GlobalSection(ExtensibilityGlobals) = postSolution
		SolutionGuid = {D5155729-E7B6-4D39-91CF-85B204BCA42E}
	EndGlobalSection
EndGlobal
